
Microsoft Visual Studio Solution File, Format Version 12.00
# Visual Studio 14
VisualStudioVersion = 14.0.25420.1
MinimumVisualStudioVersion = 10.0.40219.1
Project("{FAE04EC0-301F-11D3-BF4B-00C04F79EFBC}") = "MVCUsingWebAPIWithAngularJS", "MVCUsingWebAPIWithAngularJS\MVCUsingWebAPIWithAngularJS.csproj", "{509B4D79-E7D8-487E-8509-CC65D95571D1}"
EndProject
Project("{FAE04EC0-301F-11D3-BF4B-00C04F79EFBC}") = "MVCUsingWebAPIWithAngularJS.BR", "MVCUsingWebAPIWithAngularJS.BRNEW\MVCUsingWebAPIWithAngularJS.BR.csproj", "{A0689FFB-2D53-4C12-91FB-BCBA5220A072}"
EndProject
Project("{FAE04EC0-301F-11D3-BF4B-00C04F79EFBC}") = "MVCUsingWebAPIWithAngularJS.DataLayer", "MVCUsingWebAPIWithAngularJS.DataLayerNew\MVCUsingWebAPIWithAngularJS.DataLayer.csproj", "{936A358F-1E5E-46E1-907A-36AA121448B6}"
EndProject
Global
	GlobalSection(SolutionConfigurationPlatforms) = preSolution
		Debug|Any CPU = Debug|Any CPU
		Release|Any CPU = Release|Any CPU
	EndGlobalSection
	GlobalSection(ProjectConfigurationPlatforms) = postSolution
		{509B4D79-E7D8-487E-8509-CC65D95571D1}.Debug|Any CPU.ActiveCfg = Debug|Any CPU
		{509B4D79-E7D8-487E-8509-CC65D95571D1}.Debug|Any CPU.Build.0 = Debug|Any CPU
		{509B4D79-E7D8-487E-8509-CC65D95571D1}.Release|Any CPU.ActiveCfg = Release|Any CPU
		{509B4D79-E7D8-487E-8509-CC65D95571D1}.Release|Any CPU.Build.0 = Release|Any CPU
		{A0689FFB-2D53-4C12-91FB-BCBA5220A072}.Debug|Any CPU.ActiveCfg = Debug|Any CPU
		{A0689FFB-2D53-4C12-91FB-BCBA5220A072}.Debug|Any CPU.Build.0 = Debug|Any CPU
		{A0689FFB-2D53-4C12-91FB-BCBA5220A072}.Release|Any CPU.ActiveCfg = Release|Any CPU
		{A0689FFB-2D53-4C12-91FB-BCBA5220A072}.Release|Any CPU.Build.0 = Release|Any CPU
		{936A358F-1E5E-46E1-907A-36AA121448B6}.Debug|Any CPU.ActiveCfg = Debug|Any CPU
		{936A358F-1E5E-46E1-907A-36AA121448B6}.Debug|Any CPU.Build.0 = Debug|Any CPU
		{936A358F-1E5E-46E1-907A-36AA121448B6}.Release|Any CPU.ActiveCfg = Release|Any CPU
		{936A358F-1E5E-46E1-907A-36AA121448B6}.Release|Any CPU.Build.0 = Release|Any CPU
	EndGlobalSection
	GlobalSection(SolutionProperties) = preSolution
		HideSolutionNode = FALSE
	EndGlobalSection
EndGlobal
